
Microsoft Visual Studio Solution File, Format Version 12.00
# Visual Studio Version 17
VisualStudioVersion = 17.10.35013.160
MinimumVisualStudioVersion = 10.0.40219.1
Project("{FAE04EC0-301F-11D3-BF4B-00C04F79EFBC}") = "TypingTutor.Domain", "TypingTutor.Domain\TypingTutor.Domain.csproj", "{AB721125-C3A5-43D3-9D18-FA7BAE0400EB}"
EndProject
Project("{FAE04EC0-301F-11D3-BF4B-00C04F79EFBC}") = "TypingTutor.Application", "TypingTutor.Application\TypingTutor.Application.csproj", "{AF89C42C-FA45-4F63-B2BF-92795AE86E15}"
EndProject
Project("{FAE04EC0-301F-11D3-BF4B-00C04F79EFBC}") = "TypingTutor.Infrastructure", "TypingTutor.Infrastructure\TypingTutor.Infrastructure.csproj", "{8899885E-4642-4EA3-AD42-AFBFF3FB9027}"
EndProject
Project("{FAE04EC0-301F-11D3-BF4B-00C04F79EFBC}") = "TypingTutor.API", "TypingTutor.API\TypingTutor.API.csproj", "{794E5F47-C9FE-4036-BCD9-87E8344772DC}"
EndProject
Global
	GlobalSection(SolutionConfigurationPlatforms) = preSolution
		Debug|Any CPU = Debug|Any CPU
		Release|Any CPU = Release|Any CPU
	EndGlobalSection
	GlobalSection(ProjectConfigurationPlatforms) = postSolution
		{AB721125-C3A5-43D3-9D18-FA7BAE0400EB}.Debug|Any CPU.ActiveCfg = Debug|Any CPU
		{AB721125-C3A5-43D3-9D18-FA7BAE0400EB}.Debug|Any CPU.Build.0 = Debug|Any CPU
		{AB721125-C3A5-43D3-9D18-FA7BAE0400EB}.Release|Any CPU.ActiveCfg = Release|Any CPU
		{AB721125-C3A5-43D3-9D18-FA7BAE0400EB}.Release|Any CPU.Build.0 = Release|Any CPU
		{AF89C42C-FA45-4F63-B2BF-92795AE86E15}.Debug|Any CPU.ActiveCfg = Debug|Any CPU
		{AF89C42C-FA45-4F63-B2BF-92795AE86E15}.Debug|Any CPU.Build.0 = Debug|Any CPU
		{AF89C42C-FA45-4F63-B2BF-92795AE86E15}.Release|Any CPU.ActiveCfg = Release|Any CPU
		{AF89C42C-FA45-4F63-B2BF-92795AE86E15}.Release|Any CPU.Build.0 = Release|Any CPU
		{8899885E-4642-4EA3-AD42-AFBFF3FB9027}.Debug|Any CPU.ActiveCfg = Debug|Any CPU
		{8899885E-4642-4EA3-AD42-AFBFF3FB9027}.Debug|Any CPU.Build.0 = Debug|Any CPU
		{8899885E-4642-4EA3-AD42-AFBFF3FB9027}.Release|Any CPU.ActiveCfg = Release|Any CPU
		{8899885E-4642-4EA3-AD42-AFBFF3FB9027}.Release|Any CPU.Build.0 = Release|Any CPU
		{794E5F47-C9FE-4036-BCD9-87E8344772DC}.Debug|Any CPU.ActiveCfg = Debug|Any CPU
		{794E5F47-C9FE-4036-BCD9-87E8344772DC}.Debug|Any CPU.Build.0 = Debug|Any CPU
		{794E5F47-C9FE-4036-BCD9-87E8344772DC}.Release|Any CPU.ActiveCfg = Release|Any CPU
		{794E5F47-C9FE-4036-BCD9-87E8344772DC}.Release|Any CPU.Build.0 = Release|Any CPU
	EndGlobalSection
	GlobalSection(SolutionProperties) = preSolution
		HideSolutionNode = FALSE
	EndGlobalSection
	GlobalSection(ExtensibilityGlobals) = postSolution
		SolutionGuid = {55315026-FCB4-41C6-8914-23D13DD2F1A3}
	EndGlobalSection
EndGlobal
